// !$*UTF8*$!
{
	archiveVersion = 1;
	classes = {
	};
	objectVersion = 50;
	objects = {

/* Begin PBXBuildFile section */
		30107AD92443959700028602 /* CropFaceViewController.swift in Sources */ = {isa = PBXBuildFile; fileRef = 30107AD82443959700028602 /* CropFaceViewController.swift */; };
		30107ADB2443977900028602 /* CropFaceCustomCell.swift in Sources */ = {isa = PBXBuildFile; fileRef = 30107ADA2443977900028602 /* CropFaceCustomCell.swift */; };
		30107ADD2443990000028602 /* FaceCropper.swift in Sources */ = {isa = PBXBuildFile; fileRef = 30107ADC2443990000028602 /* FaceCropper.swift */; };
		303BBFA62448B828002EA41D /* VideoViewController.swift in Sources */ = {isa = PBXBuildFile; fileRef = 303BBFA52448B828002EA41D /* VideoViewController.swift */; };
		303BBFA82448B9ED002EA41D /* PreviewView.swift in Sources */ = {isa = PBXBuildFile; fileRef = 303BBFA72448B9ED002EA41D /* PreviewView.swift */; };
		304D279A24423B9B0058A19D /* AppDelegate.swift in Sources */ = {isa = PBXBuildFile; fileRef = 304D279924423B9B0058A19D /* AppDelegate.swift */; };
		304D279C24423B9B0058A19D /* SceneDelegate.swift in Sources */ = {isa = PBXBuildFile; fileRef = 304D279B24423B9B0058A19D /* SceneDelegate.swift */; };
		304D279E24423B9B0058A19D /* ViewController.swift in Sources */ = {isa = PBXBuildFile; fileRef = 304D279D24423B9B0058A19D /* ViewController.swift */; };
		304D27A124423B9B0058A19D /* Main.storyboard in Resources */ = {isa = PBXBuildFile; fileRef = 304D279F24423B9B0058A19D /* Main.storyboard */; };
		304D27A324423B9F0058A19D /* Assets.xcassets in Resources */ = {isa = PBXBuildFile; fileRef = 304D27A224423B9F0058A19D /* Assets.xcassets */; };
		304D27A624423B9F0058A19D /* LaunchScreen.storyboard in Resources */ = {isa = PBXBuildFile; fileRef = 304D27A424423B9F0058A19D /* LaunchScreen.storyboard */; };
		304D27AE24432CAC0058A19D /* CustomCell.swift in Sources */ = {isa = PBXBuildFile; fileRef = 304D27AD24432CAC0058A19D /* CustomCell.swift */; };
		304D27B0244383BB0058A19D /* CustomCell+Vision.swift in Sources */ = {isa = PBXBuildFile; fileRef = 304D27AF244383BB0058A19D /* CustomCell+Vision.swift */; };
		30EA1BAF2446099E00CF8CD8 /* FaceDetector.swift in Sources */ = {isa = PBXBuildFile; fileRef = 30EA1BAE2446099E00CF8CD8 /* FaceDetector.swift */; };
/* End PBXBuildFile section */

/* Begin PBXFileReference section */
		30107AD82443959700028602 /* CropFaceViewController.swift */ = {isa = PBXFileReference; lastKnownFileType = sourcecode.swift; path = CropFaceViewController.swift; sourceTree = "<group>"; };
		30107ADA2443977900028602 /* CropFaceCustomCell.swift */ = {isa = PBXFileReference; lastKnownFileType = sourcecode.swift; path = CropFaceCustomCell.swift; sourceTree = "<group>"; };
		30107ADC2443990000028602 /* FaceCropper.swift */ = {isa = PBXFileReference; lastKnownFileType = sourcecode.swift; path = FaceCropper.swift; sourceTree = "<group>"; };
		303BBFA52448B828002EA41D /* VideoViewController.swift */ = {isa = PBXFileReference; lastKnownFileType = sourcecode.swift; path = VideoViewController.swift; sourceTree = "<group>"; };
		303BBFA72448B9ED002EA41D /* PreviewView.swift */ = {isa = PBXFileReference; lastKnownFileType = sourcecode.swift; path = PreviewView.swift; sourceTree = "<group>"; };
		304D279624423B9B0058A19D /* FaceRecognition.app */ = {isa = PBXFileReference; explicitFileType = wrapper.application; includeInIndex = 0; path = FaceRecognition.app; sourceTree = BUILT_PRODUCTS_DIR; };
		304D279924423B9B0058A19D /* AppDelegate.swift */ = {isa = PBXFileReference; lastKnownFileType = sourcecode.swift; path = AppDelegate.swift; sourceTree = "<group>"; };
		304D279B24423B9B0058A19D /* SceneDelegate.swift */ = {isa = PBXFileReference; lastKnownFileType = sourcecode.swift; path = SceneDelegate.swift; sourceTree = "<group>"; };
		304D279D24423B9B0058A19D /* ViewController.swift */ = {isa = PBXFileReference; lastKnownFileType = sourcecode.swift; path = ViewController.swift; sourceTree = "<group>"; };
		304D27A024423B9B0058A19D /* Base */ = {isa = PBXFileReference; lastKnownFileType = file.storyboard; name = Base; path = Base.lproj/Main.storyboard; sourceTree = "<group>"; };
		304D27A224423B9F0058A19D /* Assets.xcassets */ = {isa = PBXFileReference; lastKnownFileType = folder.assetcatalog; path = Assets.xcassets; sourceTree = "<group>"; };
		304D27A524423B9F0058A19D /* Base */ = {isa = PBXFileReference; lastKnownFileType = file.storyboard; name = Base; path = Base.lproj/LaunchScreen.storyboard; sourceTree = "<group>"; };
		304D27A724423B9F0058A19D /* Info.plist */ = {isa = PBXFileReference; lastKnownFileType = text.plist.xml; path = Info.plist; sourceTree = "<group>"; };
		304D27AD24432CAC0058A19D /* CustomCell.swift */ = {isa = PBXFileReference; lastKnownFileType = sourcecode.swift; path = CustomCell.swift; sourceTree = "<group>"; };
		304D27AF244383BB0058A19D /* CustomCell+Vision.swift */ = {isa = PBXFileReference; lastKnownFileType = sourcecode.swift; path = "CustomCell+Vision.swift"; sourceTree = "<group>"; };
		30EA1BAE2446099E00CF8CD8 /* FaceDetector.swift */ = {isa = PBXFileReference; lastKnownFileType = sourcecode.swift; path = FaceDetector.swift; sourceTree = "<group>"; };
/* End PBXFileReference section */

/* Begin PBXFrameworksBuildPhase section */
		304D279324423B9B0058A19D /* Frameworks */ = {
			isa = PBXFrameworksBuildPhase;
			buildActionMask = 2147483647;
			files = (
			);
			runOnlyForDeploymentPostprocessing = 0;
		};
/* End PBXFrameworksBuildPhase section */

/* Begin PBXGroup section */
		304D278D24423B9B0058A19D = {
			isa = PBXGroup;
			children = (
				304D279824423B9B0058A19D /* FaceRecognition */,
				304D279724423B9B0058A19D /* Products */,
			);
			sourceTree = "<group>";
		};
		304D279724423B9B0058A19D /* Products */ = {
			isa = PBXGroup;
			children = (
				304D279624423B9B0058A19D /* FaceRecognition.app */,
			);
			name = Products;
			sourceTree = "<group>";
		};
		304D279824423B9B0058A19D /* FaceRecognition */ = {
			isa = PBXGroup;
			children = (
				304D279924423B9B0058A19D /* AppDelegate.swift */,
				304D279B24423B9B0058A19D /* SceneDelegate.swift */,
				304D279D24423B9B0058A19D /* ViewController.swift */,
				304D27AF244383BB0058A19D /* CustomCell+Vision.swift */,
				304D279F24423B9B0058A19D /* Main.storyboard */,
				303BBFA52448B828002EA41D /* VideoViewController.swift */,
				30107ADA2443977900028602 /* CropFaceCustomCell.swift */,
				30107AD82443959700028602 /* CropFaceViewController.swift */,
				30EA1BAE2446099E00CF8CD8 /* FaceDetector.swift */,
				30107ADC2443990000028602 /* FaceCropper.swift */,
				304D27A224423B9F0058A19D /* Assets.xcassets */,
				304D27AD24432CAC0058A19D /* CustomCell.swift */,
				304D27A424423B9F0058A19D /* LaunchScreen.storyboard */,
				304D27A724423B9F0058A19D /* Info.plist */,
				303BBFA72448B9ED002EA41D /* PreviewView.swift */,
			);
			path = FaceRecognition;
			sourceTree = "<group>";
		};
/* End PBXGroup section */

/* Begin PBXNativeTarget section */
		304D279524423B9B0058A19D /* FaceRecognition */ = {
			isa = PBXNativeTarget;
			buildConfigurationList = 304D27AA24423B9F0058A19D /* Build configuration list for PBXNativeTarget "FaceRecognition" */;
			buildPhases = (
				304D279224423B9B0058A19D /* Sources */,
				304D279324423B9B0058A19D /* Frameworks */,
				304D279424423B9B0058A19D /* Resources */,
			);
			buildRules = (
			);
			dependencies = (
			);
			name = FaceRecognition;
			productName = FaceRecognition;
			productReference = 304D279624423B9B0058A19D /* FaceRecognition.app */;
			productType = "com.apple.product-type.application";
		};
/* End PBXNativeTarget section */

/* Begin PBXProject section */
		304D278E24423B9B0058A19D /* Project object */ = {
			isa = PBXProject;
			attributes = {
				LastSwiftUpdateCheck = 1130;
				LastUpgradeCheck = 1130;
				ORGANIZATIONNAME = "Narayanaswamy, Subhashini (623)";
				TargetAttributes = {
					304D279524423B9B0058A19D = {
						CreatedOnToolsVersion = 11.3.1;
					};
				};
			};
			buildConfigurationList = 304D279124423B9B0058A19D /* Build configuration list for PBXProject "FaceRecognition" */;
			compatibilityVersion = "Xcode 9.3";
			developmentRegion = en;
			hasScannedForEncodings = 0;
			knownRegions = (
				en,
				Base,
			);
			mainGroup = 304D278D24423B9B0058A19D;
			productRefGroup = 304D279724423B9B0058A19D /* Products */;
			projectDirPath = "";
			projectRoot = "";
			targets = (
				304D279524423B9B0058A19D /* FaceRecognition */,
			);
		};
/* End PBXProject section */

/* Begin PBXResourcesBuildPhase section */
		304D279424423B9B0058A19D /* Resources */ = {
			isa = PBXResourcesBuildPhase;
			buildActionMask = 2147483647;
			files = (
				304D27A624423B9F0058A19D /* LaunchScreen.storyboard in Resources */,
				304D27A324423B9F0058A19D /* Assets.xcassets in Resources */,
				304D27A124423B9B0058A19D /* Main.storyboard in Resources */,
			);
			runOnlyForDeploymentPostprocessing = 0;
		};
/* End PBXResourcesBuildPhase section */

/* Begin PBXSourcesBuildPhase section */
		304D279224423B9B0058A19D /* Sources */ = {
			isa = PBXSourcesBuildPhase;
			buildActionMask = 2147483647;
			files = (
				304D279E24423B9B0058A19D /* ViewController.swift in Sources */,
				30107AD92443959700028602 /* CropFaceViewController.swift in Sources */,
				304D279A24423B9B0058A19D /* AppDelegate.swift in Sources */,
				303BBFA82448B9ED002EA41D /* PreviewView.swift in Sources */,
				304D27B0244383BB0058A19D /* CustomCell+Vision.swift in Sources */,
				304D27AE24432CAC0058A19D /* CustomCell.swift in Sources */,
				30107ADB2443977900028602 /* CropFaceCustomCell.swift in Sources */,
				30107ADD2443990000028602 /* FaceCropper.swift in Sources */,
				30EA1BAF2446099E00CF8CD8 /* FaceDetector.swift in Sources */,
				303BBFA62448B828002EA41D /* VideoViewController.swift in Sources */,
				304D279C24423B9B0058A19D /* SceneDelegate.swift in Sources */,
			);
			runOnlyForDeploymentPostprocessing = 0;
		};
/* End PBXSourcesBuildPhase section */

/* Begin PBXVariantGroup section */
		304D279F24423B9B0058A19D /* Main.storyboard */ = {
			isa = PBXVariantGroup;
			children = (
				304D27A024423B9B0058A19D /* Base */,
			);
			name = Main.storyboard;
			sourceTree = "<group>";
		};
		304D27A424423B9F0058A19D /* LaunchScreen.storyboard */ = {
			isa = PBXVariantGroup;
			children = (
				304D27A524423B9F0058A19D /* Base */,
			);
			name = LaunchScreen.storyboard;
			sourceTree = "<group>";
		};
/* End PBXVariantGroup section */

/* Begin XCBuildConfiguration section */
		304D27A824423B9F0058A19D /* Debug */ = {
			isa = XCBuildConfiguration;
			buildSettings = {
				ALWAYS_SEARCH_USER_PATHS = NO;
				CLANG_ANALYZER_NONNULL = YES;
				CLANG_ANALYZER_NUMBER_OBJECT_CONVERSION = YES_AGGRESSIVE;
				CLANG_CXX_LANGUAGE_STANDARD = "gnu++14";
				CLANG_CXX_LIBRARY = "libc++";
				CLANG_ENABLE_MODULES = YES;
				CLANG_ENABLE_OBJC_ARC = YES;
				CLANG_ENABLE_OBJC_WEAK = YES;
				CLANG_WARN_BLOCK_CAPTURE_AUTORELEASING = YES;
				CLANG_WARN_BOOL_CONVERSION = YES;
				CLANG_WARN_COMMA = YES;
				CLANG_WARN_CONSTANT_CONVERSION = YES;
				CLANG_WARN_DEPRECATED_OBJC_IMPLEMENTATIONS = YES;
				CLANG_WARN_DIRECT_OBJC_ISA_USAGE = YES_ERROR;
				CLANG_WARN_DOCUMENTATION_COMMENTS = YES;
				CLANG_WARN_EMPTY_BODY = YES;
				CLANG_WARN_ENUM_CONVERSION = YES;
				CLANG_WARN_INFINITE_RECURSION = YES;
				CLANG_WARN_INT_CONVERSION = YES;
				CLANG_WARN_NON_LITERAL_NULL_CONVERSION = YES;
				CLANG_WARN_OBJC_IMPLICIT_RETAIN_SELF = YES;
				CLANG_WARN_OBJC_LITERAL_CONVERSION = YES;
				CLANG_WARN_OBJC_ROOT_CLASS = YES_ERROR;
				CLANG_WARN_RANGE_LOOP_ANALYSIS = YES;
				CLANG_WARN_STRICT_PROTOTYPES = YES;
				CLANG_WARN_SUSPICIOUS_MOVE = YES;
				CLANG_WARN_UNGUARDED_AVAILABILITY = YES_AGGRESSIVE;
				CLANG_WARN_UNREACHABLE_CODE = YES;
				CLANG_WARN__DUPLICATE_METHOD_MATCH = YES;
				COPY_PHASE_STRIP = NO;
				DEBUG_INFORMATION_FORMAT = dwarf;
				ENABLE_STRICT_OBJC_MSGSEND = YES;
				ENABLE_TESTABILITY = YES;
				GCC_C_LANGUAGE_STANDARD = gnu11;
				GCC_DYNAMIC_NO_PIC = NO;
				GCC_NO_COMMON_BLOCKS = YES;
				GCC_OPTIMIZATION_LEVEL = 0;
				GCC_PREPROCESSOR_DEFINITIONS = (
					"DEBUG=1",
					"$(inherited)",
				);
				GCC_WARN_64_TO_32_BIT_CONVERSION = YES;
				GCC_WARN_ABOUT_RETURN_TYPE = YES_ERROR;
				GCC_WARN_UNDECLARED_SELECTOR = YES;
				GCC_WARN_UNINITIALIZED_AUTOS = YES_AGGRESSIVE;
				GCC_WARN_UNUSED_FUNCTION = YES;
				GCC_WARN_UNUSED_VARIABLE = YES;
				IPHONEOS_DEPLOYMENT_TARGET = 13.2;
				MTL_ENABLE_DEBUG_INFO = INCLUDE_SOURCE;
				MTL_FAST_MATH = YES;
				ONLY_ACTIVE_ARCH = YES;
				SDKROOT = iphoneos;
				SWIFT_ACTIVE_COMPILATION_CONDITIONS = DEBUG;
				SWIFT_OPTIMIZATION_LEVEL = "-Onone";
			};
			name = Debug;
		};
		304D27A924423B9F0058A19D /* Release */ = {
			isa = XCBuildConfiguration;
			buildSettings = {
				ALWAYS_SEARCH_USER_PATHS = NO;
				CLANG_ANALYZER_NONNULL = YES;
				CLANG_ANALYZER_NUMBER_OBJECT_CONVERSION = YES_AGGRESSIVE;
				CLANG_CXX_LANGUAGE_STANDARD = "gnu++14";
				CLANG_CXX_LIBRARY = "libc++";
				CLANG_ENABLE_MODULES = YES;
				CLANG_ENABLE_OBJC_ARC = YES;
				CLANG_ENABLE_OBJC_WEAK = YES;
				CLANG_WARN_BLOCK_CAPTURE_AUTORELEASING = YES;
				CLANG_WARN_BOOL_CONVERSION = YES;
				CLANG_WARN_COMMA = YES;
				CLANG_WARN_CONSTANT_CONVERSION = YES;
				CLANG_WARN_DEPRECATED_OBJC_IMPLEMENTATIONS = YES;
				CLANG_WARN_DIRECT_OBJC_ISA_USAGE = YES_ERROR;
				CLANG_WARN_DOCUMENTATION_COMMENTS = YES;
				CLANG_WARN_EMPTY_BODY = YES;
				CLANG_WARN_ENUM_CONVERSION = YES;
				CLANG_WARN_INFINITE_RECURSION = YES;
				CLANG_WARN_INT_CONVERSION = YES;
				CLANG_WARN_NON_LITERAL_NULL_CONVERSION = YES;
				CLANG_WARN_OBJC_IMPLICIT_RETAIN_SELF = YES;
				CLANG_WARN_OBJC_LITERAL_CONVERSION = YES;
				CLANG_WARN_OBJC_ROOT_CLASS = YES_ERROR;
				CLANG_WARN_RANGE_LOOP_ANALYSIS = YES;
				CLANG_WARN_STRICT_PROTOTYPES = YES;
				CLANG_WARN_SUSPICIOUS_MOVE = YES;
				CLANG_WARN_UNGUARDED_AVAILABILITY = YES_AGGRESSIVE;
				CLANG_WARN_UNREACHABLE_CODE = YES;
				CLANG_WARN__DUPLICATE_METHOD_MATCH = YES;
				COPY_PHASE_STRIP = NO;
				DEBUG_INFORMATION_FORMAT = "dwarf-with-dsym";
				ENABLE_NS_ASSERTIONS = NO;
				ENABLE_STRICT_OBJC_MSGSEND = YES;
				GCC_C_LANGUAGE_STANDARD = gnu11;
				GCC_NO_COMMON_BLOCKS = YES;
				GCC_WARN_64_TO_32_BIT_CONVERSION = YES;
				GCC_WARN_ABOUT_RETURN_TYPE = YES_ERROR;
				GCC_WARN_UNDECLARED_SELECTOR = YES;
				GCC_WARN_UNINITIALIZED_AUTOS = YES_AGGRESSIVE;
				GCC_WARN_UNUSED_FUNCTION = YES;
				GCC_WARN_UNUSED_VARIABLE = YES;
				IPHONEOS_DEPLOYMENT_TARGET = 13.2;
				MTL_ENABLE_DEBUG_INFO = NO;
				MTL_FAST_MATH = YES;
				SDKROOT = iphoneos;
				SWIFT_COMPILATION_MODE = wholemodule;
				SWIFT_OPTIMIZATION_LEVEL = "-O";
				VALIDATE_PRODUCT = YES;
			};
			name = Release;
		};
		304D27AB24423B9F0058A19D /* Debug */ = {
			isa = XCBuildConfiguration;
			buildSettings = {
				ASSETCATALOG_COMPILER_APPICON_NAME = AppIcon;
				CODE_SIGN_STYLE = Manual;
				DEVELOPMENT_TEAM = "";
				INFOPLIST_FILE = FaceRecognition/Info.plist;
				LD_RUNPATH_SEARCH_PATHS = (
					"$(inherited)",
					"@executable_path/Frameworks",
				);
				PRODUCT_BUNDLE_IDENTIFIER = com.company.FaceRecognition;
				PRODUCT_NAME = "$(TARGET_NAME)";
				PROVISIONING_PROFILE_SPECIFIER = "";
				SWIFT_VERSION = 5.0;
				TARGETED_DEVICE_FAMILY = "1,2";
			};
			name = Debug;
		};
		304D27AC24423B9F0058A19D /* Release */ = {
			isa = XCBuildConfiguration;
			buildSettings = {
				ASSETCATALOG_COMPILER_APPICON_NAME = AppIcon;
				CODE_SIGN_STYLE = Manual;
				DEVELOPMENT_TEAM = "";
				INFOPLIST_FILE = FaceRecognition/Info.plist;
				LD_RUNPATH_SEARCH_PATHS = (
					"$(inherited)",
					"@executable_path/Frameworks",
				);
				PRODUCT_BUNDLE_IDENTIFIER = com.company.FaceRecognition;
				PRODUCT_NAME = "$(TARGET_NAME)";
				PROVISIONING_PROFILE_SPECIFIER = "";
				SWIFT_VERSION = 5.0;
				TARGETED_DEVICE_FAMILY = "1,2";
			};
			name = Release;
		};
/* End XCBuildConfiguration section */

/* Begin XCConfigurationList section */
		304D279124423B9B0058A19D /* Build configuration list for PBXProject "FaceRecognition" */ = {
			isa = XCConfigurationList;
			buildConfigurations = (
				304D27A824423B9F0058A19D /* Debug */,
				304D27A924423B9F0058A19D /* Release */,
			);
			defaultConfigurationIsVisible = 0;
			defaultConfigurationName = Release;
		};
		304D27AA24423B9F0058A19D /* Build configuration list for PBXNativeTarget "FaceRecognition" */ = {
			isa = XCConfigurationList;
			buildConfigurations = (
				304D27AB24423B9F0058A19D /* Debug */,
				304D27AC24423B9F0058A19D /* Release */,
			);
			defaultConfigurationIsVisible = 0;
			defaultConfigurationName = Release;
		};
/* End XCConfigurationList section */
	};
	rootObject = 304D278E24423B9B0058A19D /* Project object */;
}
